
Microsoft Visual Studio Solution File, Format Version 12.00
# Visual Studio 2013
VisualStudioVersion = 12.0.21005.1
MinimumVisualStudioVersion = 10.0.40219.1
Project("{FAE04EC0-301F-11D3-BF4B-00C04F79EFBC}") = "EDMX_PARSER", "EDMX_PARSER\EDMX_PARSER.csproj", "{F01A0B50-0773-4154-9A70-E710E2189F22}"
EndProject
Project("{2150E333-8FDC-42A3-9474-1A3956D46DE8}") = ".nuget", ".nuget", "{543D8005-0F0D-42C1-9214-378BE844184C}"
	ProjectSection(SolutionItems) = preProject
		.nuget\NuGet.Config = .nuget\NuGet.Config
		.nuget\NuGet.exe = .nuget\NuGet.exe
		.nuget\NuGet.targets = .nuget\NuGet.targets
	EndProjectSection
EndProject
Global
	GlobalSection(SolutionConfigurationPlatforms) = preSolution
		Debug|Any CPU = Debug|Any CPU
		Release|Any CPU = Release|Any CPU
	EndGlobalSection
	GlobalSection(ProjectConfigurationPlatforms) = postSolution
		{F01A0B50-0773-4154-9A70-E710E2189F22}.Debug|Any CPU.ActiveCfg = Debug|Any CPU
		{F01A0B50-0773-4154-9A70-E710E2189F22}.Debug|Any CPU.Build.0 = Debug|Any CPU
		{F01A0B50-0773-4154-9A70-E710E2189F22}.Release|Any CPU.ActiveCfg = Release|Any CPU
		{F01A0B50-0773-4154-9A70-E710E2189F22}.Release|Any CPU.Build.0 = Release|Any CPU
	EndGlobalSection
	GlobalSection(SolutionProperties) = preSolution
		HideSolutionNode = FALSE
	EndGlobalSection
EndGlobal
